// !$*UTF8*$!
{
	archiveVersion = 1;
	classes = {
	};
	objectVersion = 46;
	objects = {

/* Begin PBXBuildFile section */
		0423824C18D9EC9A0024FBC1 /* AdSupport.framework in Frameworks */ = {isa = PBXBuildFile; fileRef = 0423824B18D9EC9A0024FBC1 /* AdSupport.framework */; };
		0423824E18D9ECA50024FBC1 /* AudioToolbox.framework in Frameworks */ = {isa = PBXBuildFile; fileRef = 0423824D18D9ECA50024FBC1 /* AudioToolbox.framework */; };
		0423825018D9ECC30024FBC1 /* AVFoundation.framework in Frameworks */ = {isa = PBXBuildFile; fileRef = 0423824F18D9ECC30024FBC1 /* AVFoundation.framework */; };
		0423825218D9ECDD0024FBC1 /* CoreTelephony.framework in Frameworks */ = {isa = PBXBuildFile; fileRef = 0423825118D9ECDD0024FBC1 /* CoreTelephony.framework */; };
		0423825418D9ECED0024FBC1 /* MessageUI.framework in Frameworks */ = {isa = PBXBuildFile; fileRef = 0423825318D9ECED0024FBC1 /* MessageUI.framework */; };
		0423825818D9ED080024FBC1 /* SystemConfiguration.framework in Frameworks */ = {isa = PBXBuildFile; fileRef = 0423825718D9ED080024FBC1 /* SystemConfiguration.framework */; };
		04A4DEAE18C9F66B00A2618B /* Foundation.framework in Frameworks */ = {isa = PBXBuildFile; fileRef = 04A4DEAD18C9F66B00A2618B /* Foundation.framework */; };
		04A4DEB018C9F66B00A2618B /* CoreGraphics.framework in Frameworks */ = {isa = PBXBuildFile; fileRef = 04A4DEAF18C9F66B00A2618B /* CoreGraphics.framework */; };
		04A4DEB218C9F66B00A2618B /* UIKit.framework in Frameworks */ = {isa = PBXBuildFile; fileRef = 04A4DEB118C9F66B00A2618B /* UIKit.framework */; };
		04A4DEB418C9F66B00A2618B /* SpriteKit.framework in Frameworks */ = {isa = PBXBuildFile; fileRef = 04A4DEB318C9F66B00A2618B /* SpriteKit.framework */; };
		04A4DEBA18C9F66B00A2618B /* InfoPlist.strings in Resources */ = {isa = PBXBuildFile; fileRef = 04A4DEB818C9F66B00A2618B /* InfoPlist.strings */; };
		04A4DEBC18C9F66B00A2618B /* main.m in Sources */ = {isa = PBXBuildFile; fileRef = 04A4DEBB18C9F66B00A2618B /* main.m */; };
		04A4DEC018C9F66B00A2618B /* AppDelegate.m in Sources */ = {isa = PBXBuildFile; fileRef = 04A4DEBF18C9F66B00A2618B /* AppDelegate.m */; };
		04A4DEC318C9F66B00A2618B /* Main.storyboard in Resources */ = {isa = PBXBuildFile; fileRef = 04A4DEC118C9F66B00A2618B /* Main.storyboard */; };
		04A4DEC618C9F66B00A2618B /* ViewController.m in Sources */ = {isa = PBXBuildFile; fileRef = 04A4DEC518C9F66B00A2618B /* ViewController.m */; };
		04A4DEC918C9F66B00A2618B /* MyScene.m in Sources */ = {isa = PBXBuildFile; fileRef = 04A4DEC818C9F66B00A2618B /* MyScene.m */; };
		04A4DECD18C9F66B00A2618B /* Images.xcassets in Resources */ = {isa = PBXBuildFile; fileRef = 04A4DECC18C9F66B00A2618B /* Images.xcassets */; };
		04A4DED418C9F66B00A2618B /* XCTest.framework in Frameworks */ = {isa = PBXBuildFile; fileRef = 04A4DED318C9F66B00A2618B /* XCTest.framework */; };
		04A4DED518C9F66B00A2618B /* Foundation.framework in Frameworks */ = {isa = PBXBuildFile; fileRef = 04A4DEAD18C9F66B00A2618B /* Foundation.framework */; };
		04A4DED618C9F66B00A2618B /* UIKit.framework in Frameworks */ = {isa = PBXBuildFile; fileRef = 04A4DEB118C9F66B00A2618B /* UIKit.framework */; };
		04A4DEDE18C9F66B00A2618B /* InfoPlist.strings in Resources */ = {isa = PBXBuildFile; fileRef = 04A4DEDC18C9F66B00A2618B /* InfoPlist.strings */; };
		04A4DEE018C9F66B00A2618B /* SlippyPenguinTests.m in Sources */ = {isa = PBXBuildFile; fileRef = 04A4DEDF18C9F66B00A2618B /* SlippyPenguinTests.m */; };
		04A4DEEB18C9F6E700A2618B /* GameOverScene.m in Sources */ = {isa = PBXBuildFile; fileRef = 04A4DEEA18C9F6E700A2618B /* GameOverScene.m */; };
		04A4DF0218C9F73700A2618B /* appicon@2x.png in Resources */ = {isa = PBXBuildFile; fileRef = 04A4DEED18C9F73700A2618B /* appicon@2x.png */; };
		04A4DF0318C9F73700A2618B /* appiconipad2.png in Resources */ = {isa = PBXBuildFile; fileRef = 04A4DEEE18C9F73700A2618B /* appiconipad2.png */; };
		04A4DF0418C9F73700A2618B /* appiconipad@2x.png in Resources */ = {isa = PBXBuildFile; fileRef = 04A4DEEF18C9F73700A2618B /* appiconipad@2x.png */; };
		04A4DF0518C9F73700A2618B /* backgroundFix.png in Resources */ = {isa = PBXBuildFile; fileRef = 04A4DEF018C9F73700A2618B /* backgroundFix.png */; };
		04A4DF0618C9F73700A2618B /* blockDownNew.png in Resources */ = {isa = PBXBuildFile; fileRef = 04A4DEF118C9F73700A2618B /* blockDownNew.png */; };
		04A4DF0718C9F73700A2618B /* blockTopNew.png in Resources */ = {isa = PBXBuildFile; fileRef = 04A4DEF218C9F73700A2618B /* blockTopNew.png */; };
		04A4DF0818C9F73700A2618B /* blueFloor.png in Resources */ = {isa = PBXBuildFile; fileRef = 04A4DEF318C9F73700A2618B /* blueFloor.png */; };
		04A4DF0918C9F73700A2618B /* crash.wav in Resources */ = {isa = PBXBuildFile; fileRef = 04A4DEF418C9F73700A2618B /* crash.wav */; };
		04A4DF0A18C9F73700A2618B /* gameover.png in Resources */ = {isa = PBXBuildFile; fileRef = 04A4DEF518C9F73700A2618B /* gameover.png */; };
		04A4DF0B18C9F73700A2618B /* launchimage4s.png in Resources */ = {isa = PBXBuildFile; fileRef = 04A4DEF618C9F73700A2618B /* launchimage4s.png */; };
		04A4DF0C18C9F73700A2618B /* launchimage5s@2x.png in Resources */ = {isa = PBXBuildFile; fileRef = 04A4DEF718C9F73700A2618B /* launchimage5s@2x.png */; };
		04A4DF0D18C9F73700A2618B /* launchimageipad2.png in Resources */ = {isa = PBXBuildFile; fileRef = 04A4DEF818C9F73700A2618B /* launchimageipad2.png */; };
		04A4DF0E18C9F73700A2618B /* launchimageipad2landscape.png in Resources */ = {isa = PBXBuildFile; fileRef = 04A4DEF918C9F73700A2618B /* launchimageipad2landscape.png */; };
		04A4DF0F18C9F73700A2618B /* launchimageipad@2x.png in Resources */ = {isa = PBXBuildFile; fileRef = 04A4DEFA18C9F73700A2618B /* launchimageipad@2x.png */; };
		04A4DF1018C9F73700A2618B /* launchimageipadlandscape@2x.png in Resources */ = {isa = PBXBuildFile; fileRef = 04A4DEFB18C9F73700A2618B /* launchimageipadlandscape@2x.png */; };
		04A4DF1118C9F73700A2618B /* normalFloor.png in Resources */ = {isa = PBXBuildFile; fileRef = 04A4DEFC18C9F73700A2618B /* normalFloor.png */; };
		04A4DF1218C9F73700A2618B /* plus.wav in Resources */ = {isa = PBXBuildFile; fileRef = 04A4DEFD18C9F73700A2618B /* plus.wav */; };
		04A4DF1318C9F73700A2618B /* slippyPenguin.png in Resources */ = {isa = PBXBuildFile; fileRef = 04A4DEFE18C9F73700A2618B /* slippyPenguin.png */; };
		04A4DF1418C9F73700A2618B /* tap.png in Resources */ = {isa = PBXBuildFile; fileRef = 04A4DEFF18C9F73700A2618B /* tap.png */; };
		04A4DF1518C9F73700A2618B /* victory.wav in Resources */ = {isa = PBXBuildFile; fileRef = 04A4DF0018C9F73700A2618B /* victory.wav */; };
		04A4DF1618C9F73700A2618B /* wing.wav in Resources */ = {isa = PBXBuildFile; fileRef = 04A4DF0118C9F73700A2618B /* wing.wav */; };
/* End PBXBuildFile section */

/* Begin PBXContainerItemProxy section */
		04A4DED718C9F66B00A2618B /* PBXContainerItemProxy */ = {
			isa = PBXContainerItemProxy;
			containerPortal = 04A4DEA218C9F66B00A2618B /* Project object */;
			proxyType = 1;
			remoteGlobalIDString = 04A4DEA918C9F66B00A2618B;
			remoteInfo = SlippyPenguin;
		};
/* End PBXContainerItemProxy section */

/* Begin PBXFileReference section */
		0423824B18D9EC9A0024FBC1 /* AdSupport.framework */ = {isa = PBXFileReference; lastKnownFileType = wrapper.framework; name = AdSupport.framework; path = System/Library/Frameworks/AdSupport.framework; sourceTree = SDKROOT; };
		0423824D18D9ECA50024FBC1 /* AudioToolbox.framework */ = {isa = PBXFileReference; lastKnownFileType = wrapper.framework; name = AudioToolbox.framework; path = System/Library/Frameworks/AudioToolbox.framework; sourceTree = SDKROOT; };
		0423824F18D9ECC30024FBC1 /* AVFoundation.framework */ = {isa = PBXFileReference; lastKnownFileType = wrapper.framework; name = AVFoundation.framework; path = System/Library/Frameworks/AVFoundation.framework; sourceTree = SDKROOT; };
		0423825118D9ECDD0024FBC1 /* CoreTelephony.framework */ = {isa = PBXFileReference; lastKnownFileType = wrapper.framework; name = CoreTelephony.framework; path = System/Library/Frameworks/CoreTelephony.framework; sourceTree = SDKROOT; };
		0423825318D9ECED0024FBC1 /* MessageUI.framework */ = {isa = PBXFileReference; lastKnownFileType = wrapper.framework; name = MessageUI.framework; path = System/Library/Frameworks/MessageUI.framework; sourceTree = SDKROOT; };
		0423825718D9ED080024FBC1 /* SystemConfiguration.framework */ = {isa = PBXFileReference; lastKnownFileType = wrapper.framework; name = SystemConfiguration.framework; path = System/Library/Frameworks/SystemConfiguration.framework; sourceTree = SDKROOT; };
		04A4DEAA18C9F66B00A2618B /* SlippyPenguin.app */ = {isa = PBXFileReference; explicitFileType = wrapper.application; includeInIndex = 0; path = SlippyPenguin.app; sourceTree = BUILT_PRODUCTS_DIR; };
		04A4DEAD18C9F66B00A2618B /* Foundation.framework */ = {isa = PBXFileReference; lastKnownFileType = wrapper.framework; name = Foundation.framework; path = System/Library/Frameworks/Foundation.framework; sourceTree = SDKROOT; };
		04A4DEAF18C9F66B00A2618B /* CoreGraphics.framework */ = {isa = PBXFileReference; lastKnownFileType = wrapper.framework; name = CoreGraphics.framework; path = System/Library/Frameworks/CoreGraphics.framework; sourceTree = SDKROOT; };
		04A4DEB118C9F66B00A2618B /* UIKit.framework */ = {isa = PBXFileReference; lastKnownFileType = wrapper.framework; name = UIKit.framework; path = System/Library/Frameworks/UIKit.framework; sourceTree = SDKROOT; };
		04A4DEB318C9F66B00A2618B /* SpriteKit.framework */ = {isa = PBXFileReference; lastKnownFileType = wrapper.framework; name = SpriteKit.framework; path = System/Library/Frameworks/SpriteKit.framework; sourceTree = SDKROOT; };
		04A4DEB718C9F66B00A2618B /* SlippyPenguin-Info.plist */ = {isa = PBXFileReference; lastKnownFileType = text.plist.xml; path = "SlippyPenguin-Info.plist"; sourceTree = "<group>"; };
		04A4DEB918C9F66B00A2618B /* en */ = {isa = PBXFileReference; lastKnownFileType = text.plist.strings; name = en; path = en.lproj/InfoPlist.strings; sourceTree = "<group>"; };
		04A4DEBB18C9F66B00A2618B /* main.m */ = {isa = PBXFileReference; lastKnownFileType = sourcecode.c.objc; path = main.m; sourceTree = "<group>"; };
		04A4DEBD18C9F66B00A2618B /* SlippyPenguin-Prefix.pch */ = {isa = PBXFileReference; lastKnownFileType = sourcecode.c.h; path = "SlippyPenguin-Prefix.pch"; sourceTree = "<group>"; };
		04A4DEBE18C9F66B00A2618B /* AppDelegate.h */ = {isa = PBXFileReference; lastKnownFileType = sourcecode.c.h; path = AppDelegate.h; sourceTree = "<group>"; };
		04A4DEBF18C9F66B00A2618B /* AppDelegate.m */ = {isa = PBXFileReference; lastKnownFileType = sourcecode.c.objc; path = AppDelegate.m; sourceTree = "<group>"; };
		04A4DEC218C9F66B00A2618B /* Base */ = {isa = PBXFileReference; lastKnownFileType = file.storyboard; name = Base; path = Base.lproj/Main.storyboard; sourceTree = "<group>"; };
		04A4DEC418C9F66B00A2618B /* ViewController.h */ = {isa = PBXFileReference; lastKnownFileType = sourcecode.c.h; path = ViewController.h; sourceTree = "<group>"; };
		04A4DEC518C9F66B00A2618B /* ViewController.m */ = {isa = PBXFileReference; lastKnownFileType = sourcecode.c.objc; path = ViewController.m; sourceTree = "<group>"; };
		04A4DEC718C9F66B00A2618B /* MyScene.h */ = {isa = PBXFileReference; lastKnownFileType = sourcecode.c.h; path = MyScene.h; sourceTree = "<group>"; };
		04A4DEC818C9F66B00A2618B /* MyScene.m */ = {isa = PBXFileReference; lastKnownFileType = sourcecode.c.objc; path = MyScene.m; sourceTree = "<group>"; };
		04A4DECC18C9F66B00A2618B /* Images.xcassets */ = {isa = PBXFileReference; lastKnownFileType = folder.assetcatalog; path = Images.xcassets; sourceTree = "<group>"; };
		04A4DED218C9F66B00A2618B /* SlippyPenguinTests.xctest */ = {isa = PBXFileReference; explicitFileType = wrapper.cfbundle; includeInIndex = 0; path = SlippyPenguinTests.xctest; sourceTree = BUILT_PRODUCTS_DIR; };
		04A4DED318C9F66B00A2618B /* XCTest.framework */ = {isa = PBXFileReference; lastKnownFileType = wrapper.framework; name = XCTest.framework; path = Library/Frameworks/XCTest.framework; sourceTree = DEVELOPER_DIR; };
		04A4DEDB18C9F66B00A2618B /* SlippyPenguinTests-Info.plist */ = {isa = PBXFileReference; lastKnownFileType = text.plist.xml; path = "SlippyPenguinTests-Info.plist"; sourceTree = "<group>"; };
		04A4DEDD18C9F66B00A2618B /* en */ = {isa = PBXFileReference; lastKnownFileType = text.plist.strings; name = en; path = en.lproj/InfoPlist.strings; sourceTree = "<group>"; };
		04A4DEDF18C9F66B00A2618B /* SlippyPenguinTests.m */ = {isa = PBXFileReference; lastKnownFileType = sourcecode.c.objc; path = SlippyPenguinTests.m; sourceTree = "<group>"; };
		04A4DEE918C9F6E700A2618B /* GameOverScene.h */ = {isa = PBXFileReference; fileEncoding = 4; lastKnownFileType = sourcecode.c.h; path = GameOverScene.h; sourceTree = "<group>"; };
		04A4DEEA18C9F6E700A2618B /* GameOverScene.m */ = {isa = PBXFileReference; fileEncoding = 4; lastKnownFileType = sourcecode.c.objc; path = GameOverScene.m; sourceTree = "<group>"; };
		04A4DEED18C9F73700A2618B /* appicon@2x.png */ = {isa = PBXFileReference; lastKnownFileType = image.png; path = "appicon@2x.png"; sourceTree = "<group>"; };
		04A4DEEE18C9F73700A2618B /* appiconipad2.png */ = {isa = PBXFileReference; lastKnownFileType = image.png; path = appiconipad2.png; sourceTree = "<group>"; };
		04A4DEEF18C9F73700A2618B /* appiconipad@2x.png */ = {isa = PBXFileReference; lastKnownFileType = image.png; path = "appiconipad@2x.png"; sourceTree = "<group>"; };
		04A4DEF018C9F73700A2618B /* backgroundFix.png */ = {isa = PBXFileReference; lastKnownFileType = image.png; path = backgroundFix.png; sourceTree = "<group>"; };
		04A4DEF118C9F73700A2618B /* blockDownNew.png */ = {isa = PBXFileReference; lastKnownFileType = image.png; path = blockDownNew.png; sourceTree = "<group>"; };
		04A4DEF218C9F73700A2618B /* blockTopNew.png */ = {isa = PBXFileReference; lastKnownFileType = image.png; path = blockTopNew.png; sourceTree = "<group>"; };
		04A4DEF318C9F73700A2618B /* blueFloor.png */ = {isa = PBXFileReference; lastKnownFileType = image.png; path = blueFloor.png; sourceTree = "<group>"; };
		04A4DEF418C9F73700A2618B /* crash.wav */ = {isa = PBXFileReference; lastKnownFileType = audio.wav; path = crash.wav; sourceTree = "<group>"; };
		04A4DEF518C9F73700A2618B /* gameover.png */ = {isa = PBXFileReference; lastKnownFileType = image.png; path = gameover.png; sourceTree = "<group>"; };
		04A4DEF618C9F73700A2618B /* launchimage4s.png */ = {isa = PBXFileReference; lastKnownFileType = image.png; path = launchimage4s.png; sourceTree = "<group>"; };
		04A4DEF718C9F73700A2618B /* launchimage5s@2x.png */ = {isa = PBXFileReference; lastKnownFileType = image.png; path = "launchimage5s@2x.png"; sourceTree = "<group>"; };
		04A4DEF818C9F73700A2618B /* launchimageipad2.png */ = {isa = PBXFileReference; lastKnownFileType = image.png; path = launchimageipad2.png; sourceTree = "<group>"; };
		04A4DEF918C9F73700A2618B /* launchimageipad2landscape.png */ = {isa = PBXFileReference; lastKnownFileType = image.png; path = launchimageipad2landscape.png; sourceTree = "<group>"; };
		04A4DEFA18C9F73700A2618B /* launchimageipad@2x.png */ = {isa = PBXFileReference; lastKnownFileType = image.png; path = "launchimageipad@2x.png"; sourceTree = "<group>"; };
		04A4DEFB18C9F73700A2618B /* launchimageipadlandscape@2x.png */ = {isa = PBXFileReference; lastKnownFileType = image.png; path = "launchimageipadlandscape@2x.png"; sourceTree = "<group>"; };
		04A4DEFC18C9F73700A2618B /* normalFloor.png */ = {isa = PBXFileReference; lastKnownFileType = image.png; path = normalFloor.png; sourceTree = "<group>"; };
		04A4DEFD18C9F73700A2618B /* plus.wav */ = {isa = PBXFileReference; lastKnownFileType = audio.wav; path = plus.wav; sourceTree = "<group>"; };
		04A4DEFE18C9F73700A2618B /* slippyPenguin.png */ = {isa = PBXFileReference; lastKnownFileType = image.png; path = slippyPenguin.png; sourceTree = "<group>"; };
		04A4DEFF18C9F73700A2618B /* tap.png */ = {isa = PBXFileReference; lastKnownFileType = image.png; path = tap.png; sourceTree = "<group>"; };
		04A4DF0018C9F73700A2618B /* victory.wav */ = {isa = PBXFileReference; lastKnownFileType = audio.wav; path = victory.wav; sourceTree = "<group>"; };
		04A4DF0118C9F73700A2618B /* wing.wav */ = {isa = PBXFileReference; lastKnownFileType = audio.wav; path = wing.wav; sourceTree = "<group>"; };
/* End PBXFileReference section */

/* Begin PBXFrameworksBuildPhase section */
		04A4DEA718C9F66B00A2618B /* Frameworks */ = {
			isa = PBXFrameworksBuildPhase;
			buildActionMask = 2147483647;
			files = (
				0423825818D9ED080024FBC1 /* SystemConfiguration.framework in Frameworks */,
				0423825418D9ECED0024FBC1 /* MessageUI.framework in Frameworks */,
				0423825218D9ECDD0024FBC1 /* CoreTelephony.framework in Frameworks */,
				0423825018D9ECC30024FBC1 /* AVFoundation.framework in Frameworks */,
				0423824E18D9ECA50024FBC1 /* AudioToolbox.framework in Frameworks */,
				0423824C18D9EC9A0024FBC1 /* AdSupport.framework in Frameworks */,
				04A4DEB018C9F66B00A2618B /* CoreGraphics.framework in Frameworks */,
				04A4DEB218C9F66B00A2618B /* UIKit.framework in Frameworks */,
				04A4DEB418C9F66B00A2618B /* SpriteKit.framework in Frameworks */,
				04A4DEAE18C9F66B00A2618B /* Foundation.framework in Frameworks */,
			);
			runOnlyForDeploymentPostprocessing = 0;
		};
		04A4DECF18C9F66B00A2618B /* Frameworks */ = {
			isa = PBXFrameworksBuildPhase;
			buildActionMask = 2147483647;
			files = (
				04A4DED418C9F66B00A2618B /* XCTest.framework in Frameworks */,
				04A4DED618C9F66B00A2618B /* UIKit.framework in Frameworks */,
				04A4DED518C9F66B00A2618B /* Foundation.framework in Frameworks */,
			);
			runOnlyForDeploymentPostprocessing = 0;
		};
/* End PBXFrameworksBuildPhase section */

/* Begin PBXGroup section */
		04A4DEA118C9F66B00A2618B = {
			isa = PBXGroup;
			children = (
				04A4DEEC18C9F73700A2618B /* Images */,
				04A4DEB518C9F66B00A2618B /* SlippyPenguin */,
				04A4DED918C9F66B00A2618B /* SlippyPenguinTests */,
				04A4DEAC18C9F66B00A2618B /* Frameworks */,
				04A4DEAB18C9F66B00A2618B /* Products */,
			);
			sourceTree = "<group>";
		};
		04A4DEAB18C9F66B00A2618B /* Products */ = {
			isa = PBXGroup;
			children = (
				04A4DEAA18C9F66B00A2618B /* SlippyPenguin.app */,
				04A4DED218C9F66B00A2618B /* SlippyPenguinTests.xctest */,
			);
			name = Products;
			sourceTree = "<group>";
		};
		04A4DEAC18C9F66B00A2618B /* Frameworks */ = {
			isa = PBXGroup;
			children = (
				0423825718D9ED080024FBC1 /* SystemConfiguration.framework */,
				0423825318D9ECED0024FBC1 /* MessageUI.framework */,
				0423825118D9ECDD0024FBC1 /* CoreTelephony.framework */,
				0423824F18D9ECC30024FBC1 /* AVFoundation.framework */,
				0423824D18D9ECA50024FBC1 /* AudioToolbox.framework */,
				0423824B18D9EC9A0024FBC1 /* AdSupport.framework */,
				04A4DEAD18C9F66B00A2618B /* Foundation.framework */,
				04A4DEAF18C9F66B00A2618B /* CoreGraphics.framework */,
				04A4DEB118C9F66B00A2618B /* UIKit.framework */,
				04A4DEB318C9F66B00A2618B /* SpriteKit.framework */,
				04A4DED318C9F66B00A2618B /* XCTest.framework */,
			);
			name = Frameworks;
			sourceTree = "<group>";
		};
		04A4DEB518C9F66B00A2618B /* SlippyPenguin */ = {
			isa = PBXGroup;
			children = (
				04A4DEBE18C9F66B00A2618B /* AppDelegate.h */,
				04A4DEBF18C9F66B00A2618B /* AppDelegate.m */,
				04A4DEC118C9F66B00A2618B /* Main.storyboard */,
				04A4DEC418C9F66B00A2618B /* ViewController.h */,
				04A4DEC518C9F66B00A2618B /* ViewController.m */,
				04A4DEC718C9F66B00A2618B /* MyScene.h */,
				04A4DEC818C9F66B00A2618B /* MyScene.m */,
				04A4DEE918C9F6E700A2618B /* GameOverScene.h */,
				04A4DEEA18C9F6E700A2618B /* GameOverScene.m */,
				04A4DECC18C9F66B00A2618B /* Images.xcassets */,
				04A4DEB618C9F66B00A2618B /* Supporting Files */,
			);
			path = SlippyPenguin;
			sourceTree = "<group>";
		};
		04A4DEB618C9F66B00A2618B /* Supporting Files */ = {
			isa = PBXGroup;
			children = (
				04A4DEB718C9F66B00A2618B /* SlippyPenguin-Info.plist */,
				04A4DEB818C9F66B00A2618B /* InfoPlist.strings */,
				04A4DEBB18C9F66B00A2618B /* main.m */,
				04A4DEBD18C9F66B00A2618B /* SlippyPenguin-Prefix.pch */,
			);
			name = "Supporting Files";
			sourceTree = "<group>";
		};
		04A4DED918C9F66B00A2618B /* SlippyPenguinTests */ = {
			isa = PBXGroup;
			children = (
				04A4DEDF18C9F66B00A2618B /* SlippyPenguinTests.m */,
				04A4DEDA18C9F66B00A2618B /* Supporting Files */,
			);
			path = SlippyPenguinTests;
			sourceTree = "<group>";
		};
		04A4DEDA18C9F66B00A2618B /* Supporting Files */ = {
			isa = PBXGroup;
			children = (
				04A4DEDB18C9F66B00A2618B /* SlippyPenguinTests-Info.plist */,
				04A4DEDC18C9F66B00A2618B /* InfoPlist.strings */,
			);
			name = "Supporting Files";
			sourceTree = "<group>";
		};
		04A4DEEC18C9F73700A2618B /* Images */ = {
			isa = PBXGroup;
			children = (
				04A4DEED18C9F73700A2618B /* appicon@2x.png */,
				04A4DEEE18C9F73700A2618B /* appiconipad2.png */,
				04A4DEEF18C9F73700A2618B /* appiconipad@2x.png */,
				04A4DEF018C9F73700A2618B /* backgroundFix.png */,
				04A4DEF118C9F73700A2618B /* blockDownNew.png */,
				04A4DEF218C9F73700A2618B /* blockTopNew.png */,
				04A4DEF318C9F73700A2618B /* blueFloor.png */,
				04A4DEF418C9F73700A2618B /* crash.wav */,
				04A4DEF518C9F73700A2618B /* gameover.png */,
				04A4DEF618C9F73700A2618B /* launchimage4s.png */,
				04A4DEF718C9F73700A2618B /* launchimage5s@2x.png */,
				04A4DEF818C9F73700A2618B /* launchimageipad2.png */,
				04A4DEF918C9F73700A2618B /* launchimageipad2landscape.png */,
				04A4DEFA18C9F73700A2618B /* launchimageipad@2x.png */,
				04A4DEFB18C9F73700A2618B /* launchimageipadlandscape@2x.png */,
				04A4DEFC18C9F73700A2618B /* normalFloor.png */,
				04A4DEFD18C9F73700A2618B /* plus.wav */,
				04A4DEFE18C9F73700A2618B /* slippyPenguin.png */,
				04A4DEFF18C9F73700A2618B /* tap.png */,
				04A4DF0018C9F73700A2618B /* victory.wav */,
				04A4DF0118C9F73700A2618B /* wing.wav */,
			);
			name = Images;
			path = SlippyPenguin/Images;
			sourceTree = "<group>";
		};
/* End PBXGroup section */

/* Begin PBXNativeTarget section */
		04A4DEA918C9F66B00A2618B /* SlippyPenguin */ = {
			isa = PBXNativeTarget;
			buildConfigurationList = 04A4DEE318C9F66B00A2618B /* Build configuration list for PBXNativeTarget "SlippyPenguin" */;
			buildPhases = (
				04A4DEA618C9F66B00A2618B /* Sources */,
				04A4DEA718C9F66B00A2618B /* Frameworks */,
				04A4DEA818C9F66B00A2618B /* Resources */,
			);
			buildRules = (
			);
			dependencies = (
			);
			name = SlippyPenguin;
			productName = SlippyPenguin;
			productReference = 04A4DEAA18C9F66B00A2618B /* SlippyPenguin.app */;
			productType = "com.apple.product-type.application";
		};
		04A4DED118C9F66B00A2618B /* SlippyPenguinTests */ = {
			isa = PBXNativeTarget;
			buildConfigurationList = 04A4DEE618C9F66B00A2618B /* Build configuration list for PBXNativeTarget "SlippyPenguinTests" */;
			buildPhases = (
				04A4DECE18C9F66B00A2618B /* Sources */,
				04A4DECF18C9F66B00A2618B /* Frameworks */,
				04A4DED018C9F66B00A2618B /* Resources */,
			);
			buildRules = (
			);
			dependencies = (
				04A4DED818C9F66B00A2618B /* PBXTargetDependency */,
			);
			name = SlippyPenguinTests;
			productName = SlippyPenguinTests;
			productReference = 04A4DED218C9F66B00A2618B /* SlippyPenguinTests.xctest */;
			productType = "com.apple.product-type.bundle.unit-test";
		};
/* End PBXNativeTarget section */

/* Begin PBXProject section */
		04A4DEA218C9F66B00A2618B /* Project object */ = {
			isa = PBXProject;
			attributes = {
				LastUpgradeCheck = 0500;
				ORGANIZATIONNAME = Legentree;
				TargetAttributes = {
					04A4DEA918C9F66B00A2618B = {
						DevelopmentTeam = N342JH6SV7;
						SystemCapabilities = {
							com.apple.GameCenter = {
								enabled = 0;
							};
							com.apple.InAppPurchase = {
								enabled = 0;
							};
						};
					};
					04A4DED118C9F66B00A2618B = {
						TestTargetID = 04A4DEA918C9F66B00A2618B;
					};
				};
			};
			buildConfigurationList = 04A4DEA518C9F66B00A2618B /* Build configuration list for PBXProject "SlippyPenguin" */;
			compatibilityVersion = "Xcode 3.2";
			developmentRegion = English;
			hasScannedForEncodings = 0;
			knownRegions = (
				en,
				Base,
			);
			mainGroup = 04A4DEA118C9F66B00A2618B;
			productRefGroup = 04A4DEAB18C9F66B00A2618B /* Products */;
			projectDirPath = "";
			projectRoot = "";
			targets = (
				04A4DEA918C9F66B00A2618B /* SlippyPenguin */,
				04A4DED118C9F66B00A2618B /* SlippyPenguinTests */,
			);
		};
/* End PBXProject section */

/* Begin PBXResourcesBuildPhase section */
		04A4DEA818C9F66B00A2618B /* Resources */ = {
			isa = PBXResourcesBuildPhase;
			buildActionMask = 2147483647;
			files = (
				04A4DF1218C9F73700A2618B /* plus.wav in Resources */,
				04A4DF0618C9F73700A2618B /* blockDownNew.png in Resources */,
				04A4DF0918C9F73700A2618B /* crash.wav in Resources */,
				04A4DF0718C9F73700A2618B /* blockTopNew.png in Resources */,
				04A4DF0518C9F73700A2618B /* backgroundFix.png in Resources */,
				04A4DEBA18C9F66B00A2618B /* InfoPlist.strings in Resources */,
				04A4DF1318C9F73700A2618B /* slippyPenguin.png in Resources */,
				04A4DF0A18C9F73700A2618B /* gameover.png in Resources */,
				04A4DF0418C9F73700A2618B /* appiconipad@2x.png in Resources */,
				04A4DF1618C9F73700A2618B /* wing.wav in Resources */,
				04A4DF1418C9F73700A2618B /* tap.png in Resources */,
				04A4DF0B18C9F73700A2618B /* launchimage4s.png in Resources */,
				04A4DF0218C9F73700A2618B /* appicon@2x.png in Resources */,
				04A4DF1018C9F73700A2618B /* launchimageipadlandscape@2x.png in Resources */,
				04A4DF0E18C9F73700A2618B /* launchimageipad2landscape.png in Resources */,
				04A4DF0D18C9F73700A2618B /* launchimageipad2.png in Resources */,
				04A4DF0F18C9F73700A2618B /* launchimageipad@2x.png in Resources */,
				04A4DF1118C9F73700A2618B /* normalFloor.png in Resources */,
				04A4DF1518C9F73700A2618B /* victory.wav in Resources */,
				04A4DF0818C9F73700A2618B /* blueFloor.png in Resources */,
				04A4DECD18C9F66B00A2618B /* Images.xcassets in Resources */,
				04A4DF0C18C9F73700A2618B /* launchimage5s@2x.png in Resources */,
				04A4DF0318C9F73700A2618B /* appiconipad2.png in Resources */,
				04A4DEC318C9F66B00A2618B /* Main.storyboard in Resources */,
			);
			runOnlyForDeploymentPostprocessing = 0;
		};
		04A4DED018C9F66B00A2618B /* Resources */ = {
			isa = PBXResourcesBuildPhase;
			buildActionMask = 2147483647;
			files = (
				04A4DEDE18C9F66B00A2618B /* InfoPlist.strings in Resources */,
			);
			runOnlyForDeploymentPostprocessing = 0;
		};
/* End PBXResourcesBuildPhase section */

/* Begin PBXSourcesBuildPhase section */
		04A4DEA618C9F66B00A2618B /* Sources */ = {
			isa = PBXSourcesBuildPhase;
			buildActionMask = 2147483647;
			files = (
				04A4DEEB18C9F6E700A2618B /* GameOverScene.m in Sources */,
				04A4DEC918C9F66B00A2618B /* MyScene.m in Sources */,
				04A4DEC618C9F66B00A2618B /* ViewController.m in Sources */,
				04A4DEC018C9F66B00A2618B /* AppDelegate.m in Sources */,
				04A4DEBC18C9F66B00A2618B /* main.m in Sources */,
			);
			runOnlyForDeploymentPostprocessing = 0;
		};
		04A4DECE18C9F66B00A2618B /* Sources */ = {
			isa = PBXSourcesBuildPhase;
			buildActionMask = 2147483647;
			files = (
				04A4DEE018C9F66B00A2618B /* SlippyPenguinTests.m in Sources */,
			);
			runOnlyForDeploymentPostprocessing = 0;
		};
/* End PBXSourcesBuildPhase section */

/* Begin PBXTargetDependency section */
		04A4DED818C9F66B00A2618B /* PBXTargetDependency */ = {
			isa = PBXTargetDependency;
			target = 04A4DEA918C9F66B00A2618B /* SlippyPenguin */;
			targetProxy = 04A4DED718C9F66B00A2618B /* PBXContainerItemProxy */;
		};
/* End PBXTargetDependency section */

/* Begin PBXVariantGroup section */
		04A4DEB818C9F66B00A2618B /* InfoPlist.strings */ = {
			isa = PBXVariantGroup;
			children = (
				04A4DEB918C9F66B00A2618B /* en */,
			);
			name = InfoPlist.strings;
			sourceTree = "<group>";
		};
		04A4DEC118C9F66B00A2618B /* Main.storyboard */ = {
			isa = PBXVariantGroup;
			children = (
				04A4DEC218C9F66B00A2618B /* Base */,
			);
			name = Main.storyboard;
			sourceTree = "<group>";
		};
		04A4DEDC18C9F66B00A2618B /* InfoPlist.strings */ = {
			isa = PBXVariantGroup;
			children = (
				04A4DEDD18C9F66B00A2618B /* en */,
			);
			name = InfoPlist.strings;
			sourceTree = "<group>";
		};
/* End PBXVariantGroup section */

/* Begin XCBuildConfiguration section */
		04A4DEE118C9F66B00A2618B /* Debug */ = {
			isa = XCBuildConfiguration;
			buildSettings = {
				ALWAYS_SEARCH_USER_PATHS = NO;
				ARCHS = "$(ARCHS_STANDARD_INCLUDING_64_BIT)";
				CLANG_CXX_LANGUAGE_STANDARD = "gnu++0x";
				CLANG_CXX_LIBRARY = "libc++";
				CLANG_ENABLE_MODULES = YES;
				CLANG_ENABLE_OBJC_ARC = YES;
				CLANG_WARN_BOOL_CONVERSION = YES;
				CLANG_WARN_CONSTANT_CONVERSION = YES;
				CLANG_WARN_DIRECT_OBJC_ISA_USAGE = YES_ERROR;
				CLANG_WARN_EMPTY_BODY = YES;
				CLANG_WARN_ENUM_CONVERSION = YES;
				CLANG_WARN_INT_CONVERSION = YES;
				CLANG_WARN_OBJC_ROOT_CLASS = YES_ERROR;
				CLANG_WARN__DUPLICATE_METHOD_MATCH = YES;
				"CODE_SIGN_IDENTITY[sdk=iphoneos*]" = "iPhone Developer";
				COPY_PHASE_STRIP = NO;
				GCC_C_LANGUAGE_STANDARD = gnu99;
				GCC_DYNAMIC_NO_PIC = NO;
				GCC_OPTIMIZATION_LEVEL = 0;
				GCC_PREPROCESSOR_DEFINITIONS = (
					"DEBUG=1",
					"$(inherited)",
				);
				GCC_SYMBOLS_PRIVATE_EXTERN = NO;
				GCC_WARN_64_TO_32_BIT_CONVERSION = YES;
				GCC_WARN_ABOUT_RETURN_TYPE = YES_ERROR;
				GCC_WARN_UNDECLARED_SELECTOR = YES;
				GCC_WARN_UNINITIALIZED_AUTOS = YES;
				GCC_WARN_UNUSED_FUNCTION = YES;
				GCC_WARN_UNUSED_VARIABLE = YES;
				IPHONEOS_DEPLOYMENT_TARGET = 7.0;
				ONLY_ACTIVE_ARCH = YES;
				SDKROOT = iphoneos;
			};
			name = Debug;
		};
		04A4DEE218C9F66B00A2618B /* Release */ = {
			isa = XCBuildConfiguration;
			buildSettings = {
				ALWAYS_SEARCH_USER_PATHS = NO;
				ARCHS = "$(ARCHS_STANDARD_INCLUDING_64_BIT)";
				CLANG_CXX_LANGUAGE_STANDARD = "gnu++0x";
				CLANG_CXX_LIBRARY = "libc++";
				CLANG_ENABLE_MODULES = YES;
				CLANG_ENABLE_OBJC_ARC = YES;
				CLANG_WARN_BOOL_CONVERSION = YES;
				CLANG_WARN_CONSTANT_CONVERSION = YES;
				CLANG_WARN_DIRECT_OBJC_ISA_USAGE = YES_ERROR;
				CLANG_WARN_EMPTY_BODY = YES;
				CLANG_WARN_ENUM_CONVERSION = YES;
				CLANG_WARN_INT_CONVERSION = YES;
				CLANG_WARN_OBJC_ROOT_CLASS = YES_ERROR;
				CLANG_WARN__DUPLICATE_METHOD_MATCH = YES;
				"CODE_SIGN_IDENTITY[sdk=iphoneos*]" = "iPhone Developer";
				COPY_PHASE_STRIP = YES;
				ENABLE_NS_ASSERTIONS = NO;
				GCC_C_LANGUAGE_STANDARD = gnu99;
				GCC_WARN_64_TO_32_BIT_CONVERSION = YES;
				GCC_WARN_ABOUT_RETURN_TYPE = YES_ERROR;
				GCC_WARN_UNDECLARED_SELECTOR = YES;
				GCC_WARN_UNINITIALIZED_AUTOS = YES;
				GCC_WARN_UNUSED_FUNCTION = YES;
				GCC_WARN_UNUSED_VARIABLE = YES;
				IPHONEOS_DEPLOYMENT_TARGET = 7.0;
				SDKROOT = iphoneos;
				VALIDATE_PRODUCT = YES;
			};
			name = Release;
		};
		04A4DEE418C9F66B00A2618B /* Debug */ = {
			isa = XCBuildConfiguration;
			buildSettings = {
				ASSETCATALOG_COMPILER_APPICON_NAME = AppIcon;
				ASSETCATALOG_COMPILER_LAUNCHIMAGE_NAME = LaunchImage;
				CODE_SIGN_IDENTITY = "iPhone Developer";
				"CODE_SIGN_IDENTITY[sdk=iphoneos*]" = "iPhone Developer";
				GCC_PRECOMPILE_PREFIX_HEADER = YES;
				GCC_PREFIX_HEADER = "SlippyPenguin/SlippyPenguin-Prefix.pch";
				INFOPLIST_FILE = "SlippyPenguin/SlippyPenguin-Info.plist";
				LIBRARY_SEARCH_PATHS = (
					"$(inherited)",
					"$(PROJECT_DIR)/SlippyPenguin/GoogleAdMobAdsSdkiOS-6.8.0",
				);
				"OTHER_LDFLAGS[arch=*]" = "-ObjC";
				PRODUCT_BUNDLE_IDENTIFIER = com.legentree.SlippyPenguinn;
				PRODUCT_NAME = "$(TARGET_NAME)";
				PROVISIONING_PROFILE = "";
				SPRITEKIT_TEXTURE_ATLAS_OUTPUT = YES;
				WRAPPER_EXTENSION = app;
			};
			name = Debug;
		};
		04A4DEE518C9F66B00A2618B /* Release */ = {
			isa = XCBuildConfiguration;
			buildSettings = {
				ASSETCATALOG_COMPILER_APPICON_NAME = AppIcon;
				ASSETCATALOG_COMPILER_LAUNCHIMAGE_NAME = LaunchImage;
				CODE_SIGN_IDENTITY = "iPhone Developer";
				"CODE_SIGN_IDENTITY[sdk=iphoneos*]" = "iPhone Developer";
				GCC_PRECOMPILE_PREFIX_HEADER = YES;
				GCC_PREFIX_HEADER = "SlippyPenguin/SlippyPenguin-Prefix.pch";
				INFOPLIST_FILE = "SlippyPenguin/SlippyPenguin-Info.plist";
				LIBRARY_SEARCH_PATHS = (
					"$(inherited)",
					"$(PROJECT_DIR)/SlippyPenguin/GoogleAdMobAdsSdkiOS-6.8.0",
				);
				PRODUCT_BUNDLE_IDENTIFIER = com.legentree.SlippyPenguinn;
				PRODUCT_NAME = "$(TARGET_NAME)";
				PROVISIONING_PROFILE = "";
				SPRITEKIT_TEXTURE_ATLAS_OUTPUT = YES;
				WRAPPER_EXTENSION = app;
			};
			name = Release;
		};
		04A4DEE718C9F66B00A2618B /* Debug */ = {
			isa = XCBuildConfiguration;
			buildSettings = {
				ARCHS = "$(ARCHS_STANDARD_INCLUDING_64_BIT)";
				BUNDLE_LOADER = "$(BUILT_PRODUCTS_DIR)/SlippyPenguin.app/SlippyPenguin";
				FRAMEWORK_SEARCH_PATHS = (
					"$(SDKROOT)/Developer/Library/Frameworks",
					"$(inherited)",
					"$(DEVELOPER_FRAMEWORKS_DIR)",
				);
				GCC_PRECOMPILE_PREFIX_HEADER = YES;
				GCC_PREFIX_HEADER = "SlippyPenguin/SlippyPenguin-Prefix.pch";
				GCC_PREPROCESSOR_DEFINITIONS = (
					"DEBUG=1",
					"$(inherited)",
				);
				INFOPLIST_FILE = "SlippyPenguinTests/SlippyPenguinTests-Info.plist";
				PRODUCT_NAME = "$(TARGET_NAME)";
				TEST_HOST = "$(BUNDLE_LOADER)";
				WRAPPER_EXTENSION = xctest;
			};
			name = Debug;
		};
		04A4DEE818C9F66B00A2618B /* Release */ = {
			isa = XCBuildConfiguration;
			buildSettings = {
				ARCHS = "$(ARCHS_STANDARD_INCLUDING_64_BIT)";
				BUNDLE_LOADER = "$(BUILT_PRODUCTS_DIR)/SlippyPenguin.app/SlippyPenguin";
				FRAMEWORK_SEARCH_PATHS = (
					"$(SDKROOT)/Developer/Library/Frameworks",
					"$(inherited)",
					"$(DEVELOPER_FRAMEWORKS_DIR)",
				);
				GCC_PRECOMPILE_PREFIX_HEADER = YES;
				GCC_PREFIX_HEADER = "SlippyPenguin/SlippyPenguin-Prefix.pch";
				INFOPLIST_FILE = "SlippyPenguinTests/SlippyPenguinTests-Info.plist";
				PRODUCT_NAME = "$(TARGET_NAME)";
				TEST_HOST = "$(BUNDLE_LOADER)";
				WRAPPER_EXTENSION = xctest;
			};
			name = Release;
		};
/* End XCBuildConfiguration section */

/* Begin XCConfigurationList section */
		04A4DEA518C9F66B00A2618B /* Build configuration list for PBXProject "SlippyPenguin" */ = {
			isa = XCConfigurationList;
			buildConfigurations = (
				04A4DEE118C9F66B00A2618B /* Debug */,
				04A4DEE218C9F66B00A2618B /* Release */,
			);
			defaultConfigurationIsVisible = 0;
			defaultConfigurationName = Release;
		};
		04A4DEE318C9F66B00A2618B /* Build configuration list for PBXNativeTarget "SlippyPenguin" */ = {
			isa = XCConfigurationList;
			buildConfigurations = (
				04A4DEE418C9F66B00A2618B /* Debug */,
				04A4DEE518C9F66B00A2618B /* Release */,
			);
			defaultConfigurationIsVisible = 0;
			defaultConfigurationName = Release;
		};
		04A4DEE618C9F66B00A2618B /* Build configuration list for PBXNativeTarget "SlippyPenguinTests" */ = {
			isa = XCConfigurationList;
			buildConfigurations = (
				04A4DEE718C9F66B00A2618B /* Debug */,
				04A4DEE818C9F66B00A2618B /* Release */,
			);
			defaultConfigurationIsVisible = 0;
			defaultConfigurationName = Release;
		};
/* End XCConfigurationList section */
	};
	rootObject = 04A4DEA218C9F66B00A2618B /* Project object */;
}
